
Microsoft Visual Studio Solution File, Format Version 12.00
# Visual Studio 2013
VisualStudioVersion = 12.0.21005.1
MinimumVisualStudioVersion = 10.0.40219.1
Project("{FAE04EC0-301F-11D3-BF4B-00C04F79EFBC}") = "TestApp3", "TestApp3\TestApp3\TestApp3.csproj", "{847BCC11-7064-498C-ADDF-B507826C5873}"
EndProject
Project("{FAE04EC0-301F-11D3-BF4B-00C04F79EFBC}") = "TestApp3.Android", "TestApp3\TestApp3.Android\TestApp3.Android.csproj", "{5FA4E98A-A38A-40EE-AD26-FDD64121296B}"
EndProject
Project("{FAE04EC0-301F-11D3-BF4B-00C04F79EFBC}") = "TestApp3.WinPhone", "TestApp3\TestApp3.WinPhone\TestApp3.WinPhone.csproj", "{1A9A722B-D2E7-49A0-A107-EEF2F5C5A424}"
EndProject
Project("{2150E333-8FDC-42A3-9474-1A3956D46DE8}") = ".nuget", ".nuget", "{A4816926-215E-4873-B2B9-7E1E5D593CCD}"
	ProjectSection(SolutionItems) = preProject
		.nuget\NuGet.Config = .nuget\NuGet.Config
		.nuget\NuGet.exe = .nuget\NuGet.exe
		.nuget\NuGet.targets = .nuget\NuGet.targets
	EndProjectSection
EndProject
Global
	GlobalSection(SolutionConfigurationPlatforms) = preSolution
		Ad-Hoc|Any CPU = Ad-Hoc|Any CPU
		Ad-Hoc|ARM = Ad-Hoc|ARM
		Ad-Hoc|iPhone = Ad-Hoc|iPhone
		Ad-Hoc|iPhoneSimulator = Ad-Hoc|iPhoneSimulator
		Ad-Hoc|Mixed Platforms = Ad-Hoc|Mixed Platforms
		Ad-Hoc|x86 = Ad-Hoc|x86
		AppStore|Any CPU = AppStore|Any CPU
		AppStore|ARM = AppStore|ARM
		AppStore|iPhone = AppStore|iPhone
		AppStore|iPhoneSimulator = AppStore|iPhoneSimulator
		AppStore|Mixed Platforms = AppStore|Mixed Platforms
		AppStore|x86 = AppStore|x86
		Debug|Any CPU = Debug|Any CPU
		Debug|ARM = Debug|ARM
		Debug|iPhone = Debug|iPhone
		Debug|iPhoneSimulator = Debug|iPhoneSimulator
		Debug|Mixed Platforms = Debug|Mixed Platforms
		Debug|x86 = Debug|x86
		Release|Any CPU = Release|Any CPU
		Release|ARM = Release|ARM
		Release|iPhone = Release|iPhone
		Release|iPhoneSimulator = Release|iPhoneSimulator
		Release|Mixed Platforms = Release|Mixed Platforms
		Release|x86 = Release|x86
	EndGlobalSection
	GlobalSection(ProjectConfigurationPlatforms) = postSolution
		{847BCC11-7064-498C-ADDF-B507826C5873}.Ad-Hoc|Any CPU.ActiveCfg = Release|Any CPU
		{847BCC11-7064-498C-ADDF-B507826C5873}.Ad-Hoc|Any CPU.Build.0 = Release|Any CPU
		{847BCC11-7064-498C-ADDF-B507826C5873}.Ad-Hoc|ARM.ActiveCfg = Release|Any CPU
		{847BCC11-7064-498C-ADDF-B507826C5873}.Ad-Hoc|iPhone.ActiveCfg = Release|Any CPU
		{847BCC11-7064-498C-ADDF-B507826C5873}.Ad-Hoc|iPhoneSimulator.ActiveCfg = Release|Any CPU
		{847BCC11-7064-498C-ADDF-B507826C5873}.Ad-Hoc|Mixed Platforms.ActiveCfg = Release|Any CPU
		{847BCC11-7064-498C-ADDF-B507826C5873}.Ad-Hoc|Mixed Platforms.Build.0 = Release|Any CPU
		{847BCC11-7064-498C-ADDF-B507826C5873}.Ad-Hoc|x86.ActiveCfg = Release|Any CPU
		{847BCC11-7064-498C-ADDF-B507826C5873}.AppStore|Any CPU.ActiveCfg = Release|Any CPU
		{847BCC11-7064-498C-ADDF-B507826C5873}.AppStore|Any CPU.Build.0 = Release|Any CPU
		{847BCC11-7064-498C-ADDF-B507826C5873}.AppStore|ARM.ActiveCfg = Release|Any CPU
		{847BCC11-7064-498C-ADDF-B507826C5873}.AppStore|iPhone.ActiveCfg = Release|Any CPU
		{847BCC11-7064-498C-ADDF-B507826C5873}.AppStore|iPhoneSimulator.ActiveCfg = Release|Any CPU
		{847BCC11-7064-498C-ADDF-B507826C5873}.AppStore|Mixed Platforms.ActiveCfg = Release|Any CPU
		{847BCC11-7064-498C-ADDF-B507826C5873}.AppStore|Mixed Platforms.Build.0 = Release|Any CPU
		{847BCC11-7064-498C-ADDF-B507826C5873}.AppStore|x86.ActiveCfg = Release|Any CPU
		{847BCC11-7064-498C-ADDF-B507826C5873}.Debug|Any CPU.ActiveCfg = Debug|Any CPU
		{847BCC11-7064-498C-ADDF-B507826C5873}.Debug|Any CPU.Build.0 = Debug|Any CPU
		{847BCC11-7064-498C-ADDF-B507826C5873}.Debug|ARM.ActiveCfg = Debug|Any CPU
		{847BCC11-7064-498C-ADDF-B507826C5873}.Debug|iPhone.ActiveCfg = Debug|Any CPU
		{847BCC11-7064-498C-ADDF-B507826C5873}.Debug|iPhoneSimulator.ActiveCfg = Debug|Any CPU
		{847BCC11-7064-498C-ADDF-B507826C5873}.Debug|Mixed Platforms.ActiveCfg = Debug|Any CPU
		{847BCC11-7064-498C-ADDF-B507826C5873}.Debug|Mixed Platforms.Build.0 = Debug|Any CPU
		{847BCC11-7064-498C-ADDF-B507826C5873}.Debug|x86.ActiveCfg = Debug|Any CPU
		{847BCC11-7064-498C-ADDF-B507826C5873}.Release|Any CPU.ActiveCfg = Release|Any CPU
		{847BCC11-7064-498C-ADDF-B507826C5873}.Release|Any CPU.Build.0 = Release|Any CPU
		{847BCC11-7064-498C-ADDF-B507826C5873}.Release|ARM.ActiveCfg = Release|Any CPU
		{847BCC11-7064-498C-ADDF-B507826C5873}.Release|iPhone.ActiveCfg = Release|Any CPU
		{847BCC11-7064-498C-ADDF-B507826C5873}.Release|iPhoneSimulator.ActiveCfg = Release|Any CPU
		{847BCC11-7064-498C-ADDF-B507826C5873}.Release|Mixed Platforms.ActiveCfg = Release|Any CPU
		{847BCC11-7064-498C-ADDF-B507826C5873}.Release|Mixed Platforms.Build.0 = Release|Any CPU
		{847BCC11-7064-498C-ADDF-B507826C5873}.Release|x86.ActiveCfg = Release|Any CPU
		{5FA4E98A-A38A-40EE-AD26-FDD64121296B}.Ad-Hoc|Any CPU.ActiveCfg = Release|Any CPU
		{5FA4E98A-A38A-40EE-AD26-FDD64121296B}.Ad-Hoc|Any CPU.Build.0 = Release|Any CPU
		{5FA4E98A-A38A-40EE-AD26-FDD64121296B}.Ad-Hoc|Any CPU.Deploy.0 = Release|Any CPU
		{5FA4E98A-A38A-40EE-AD26-FDD64121296B}.Ad-Hoc|ARM.ActiveCfg = Release|Any CPU
		{5FA4E98A-A38A-40EE-AD26-FDD64121296B}.Ad-Hoc|iPhone.ActiveCfg = Release|Any CPU
		{5FA4E98A-A38A-40EE-AD26-FDD64121296B}.Ad-Hoc|iPhoneSimulator.ActiveCfg = Release|Any CPU
		{5FA4E98A-A38A-40EE-AD26-FDD64121296B}.Ad-Hoc|Mixed Platforms.ActiveCfg = Release|Any CPU
		{5FA4E98A-A38A-40EE-AD26-FDD64121296B}.Ad-Hoc|Mixed Platforms.Build.0 = Release|Any CPU
		{5FA4E98A-A38A-40EE-AD26-FDD64121296B}.Ad-Hoc|Mixed Platforms.Deploy.0 = Release|Any CPU
		{5FA4E98A-A38A-40EE-AD26-FDD64121296B}.Ad-Hoc|x86.ActiveCfg = Release|Any CPU
		{5FA4E98A-A38A-40EE-AD26-FDD64121296B}.AppStore|Any CPU.ActiveCfg = Release|Any CPU
		{5FA4E98A-A38A-40EE-AD26-FDD64121296B}.AppStore|Any CPU.Build.0 = Release|Any CPU
		{5FA4E98A-A38A-40EE-AD26-FDD64121296B}.AppStore|Any CPU.Deploy.0 = Release|Any CPU
		{5FA4E98A-A38A-40EE-AD26-FDD64121296B}.AppStore|ARM.ActiveCfg = Release|Any CPU
		{5FA4E98A-A38A-40EE-AD26-FDD64121296B}.AppStore|iPhone.ActiveCfg = Release|Any CPU
		{5FA4E98A-A38A-40EE-AD26-FDD64121296B}.AppStore|iPhoneSimulator.ActiveCfg = Release|Any CPU
		{5FA4E98A-A38A-40EE-AD26-FDD64121296B}.AppStore|Mixed Platforms.ActiveCfg = Release|Any CPU
		{5FA4E98A-A38A-40EE-AD26-FDD64121296B}.AppStore|Mixed Platforms.Build.0 = Release|Any CPU
		{5FA4E98A-A38A-40EE-AD26-FDD64121296B}.AppStore|Mixed Platforms.Deploy.0 = Release|Any CPU
		{5FA4E98A-A38A-40EE-AD26-FDD64121296B}.AppStore|x86.ActiveCfg = Release|Any CPU
		{5FA4E98A-A38A-40EE-AD26-FDD64121296B}.Debug|Any CPU.ActiveCfg = Debug|Any CPU
		{5FA4E98A-A38A-40EE-AD26-FDD64121296B}.Debug|Any CPU.Build.0 = Debug|Any CPU
		{5FA4E98A-A38A-40EE-AD26-FDD64121296B}.Debug|Any CPU.Deploy.0 = Debug|Any CPU
		{5FA4E98A-A38A-40EE-AD26-FDD64121296B}.Debug|ARM.ActiveCfg = Debug|Any CPU
		{5FA4E98A-A38A-40EE-AD26-FDD64121296B}.Debug|iPhone.ActiveCfg = Debug|Any CPU
		{5FA4E98A-A38A-40EE-AD26-FDD64121296B}.Debug|iPhoneSimulator.ActiveCfg = Debug|Any CPU
		{5FA4E98A-A38A-40EE-AD26-FDD64121296B}.Debug|Mixed Platforms.ActiveCfg = Debug|Any CPU
		{5FA4E98A-A38A-40EE-AD26-FDD64121296B}.Debug|Mixed Platforms.Build.0 = Debug|Any CPU
		{5FA4E98A-A38A-40EE-AD26-FDD64121296B}.Debug|Mixed Platforms.Deploy.0 = Debug|Any CPU
		{5FA4E98A-A38A-40EE-AD26-FDD64121296B}.Debug|x86.ActiveCfg = Debug|Any CPU
		{5FA4E98A-A38A-40EE-AD26-FDD64121296B}.Release|Any CPU.ActiveCfg = Release|Any CPU
		{5FA4E98A-A38A-40EE-AD26-FDD64121296B}.Release|Any CPU.Build.0 = Release|Any CPU
		{5FA4E98A-A38A-40EE-AD26-FDD64121296B}.Release|Any CPU.Deploy.0 = Release|Any CPU
		{5FA4E98A-A38A-40EE-AD26-FDD64121296B}.Release|ARM.ActiveCfg = Release|Any CPU
		{5FA4E98A-A38A-40EE-AD26-FDD64121296B}.Release|iPhone.ActiveCfg = Release|Any CPU
		{5FA4E98A-A38A-40EE-AD26-FDD64121296B}.Release|iPhoneSimulator.ActiveCfg = Release|Any CPU
		{5FA4E98A-A38A-40EE-AD26-FDD64121296B}.Release|Mixed Platforms.ActiveCfg = Release|Any CPU
		{5FA4E98A-A38A-40EE-AD26-FDD64121296B}.Release|Mixed Platforms.Build.0 = Release|Any CPU
		{5FA4E98A-A38A-40EE-AD26-FDD64121296B}.Release|Mixed Platforms.Deploy.0 = Release|Any CPU
		{5FA4E98A-A38A-40EE-AD26-FDD64121296B}.Release|x86.ActiveCfg = Release|Any CPU
		{1A9A722B-D2E7-49A0-A107-EEF2F5C5A424}.Ad-Hoc|Any CPU.ActiveCfg = Release|Any CPU
		{1A9A722B-D2E7-49A0-A107-EEF2F5C5A424}.Ad-Hoc|Any CPU.Build.0 = Release|Any CPU
		{1A9A722B-D2E7-49A0-A107-EEF2F5C5A424}.Ad-Hoc|Any CPU.Deploy.0 = Release|Any CPU
		{1A9A722B-D2E7-49A0-A107-EEF2F5C5A424}.Ad-Hoc|ARM.ActiveCfg = Release|ARM
		{1A9A722B-D2E7-49A0-A107-EEF2F5C5A424}.Ad-Hoc|ARM.Build.0 = Release|ARM
		{1A9A722B-D2E7-49A0-A107-EEF2F5C5A424}.Ad-Hoc|ARM.Deploy.0 = Release|ARM
		{1A9A722B-D2E7-49A0-A107-EEF2F5C5A424}.Ad-Hoc|iPhone.ActiveCfg = Release|Any CPU
		{1A9A722B-D2E7-49A0-A107-EEF2F5C5A424}.Ad-Hoc|iPhoneSimulator.ActiveCfg = Release|Any CPU
		{1A9A722B-D2E7-49A0-A107-EEF2F5C5A424}.Ad-Hoc|Mixed Platforms.ActiveCfg = Release|x86
		{1A9A722B-D2E7-49A0-A107-EEF2F5C5A424}.Ad-Hoc|Mixed Platforms.Build.0 = Release|x86
		{1A9A722B-D2E7-49A0-A107-EEF2F5C5A424}.Ad-Hoc|Mixed Platforms.Deploy.0 = Release|x86
		{1A9A722B-D2E7-49A0-A107-EEF2F5C5A424}.Ad-Hoc|x86.ActiveCfg = Release|x86
		{1A9A722B-D2E7-49A0-A107-EEF2F5C5A424}.Ad-Hoc|x86.Build.0 = Release|x86
		{1A9A722B-D2E7-49A0-A107-EEF2F5C5A424}.Ad-Hoc|x86.Deploy.0 = Release|x86
		{1A9A722B-D2E7-49A0-A107-EEF2F5C5A424}.AppStore|Any CPU.ActiveCfg = Release|Any CPU
		{1A9A722B-D2E7-49A0-A107-EEF2F5C5A424}.AppStore|Any CPU.Build.0 = Release|Any CPU
		{1A9A722B-D2E7-49A0-A107-EEF2F5C5A424}.AppStore|Any CPU.Deploy.0 = Release|Any CPU
		{1A9A722B-D2E7-49A0-A107-EEF2F5C5A424}.AppStore|ARM.ActiveCfg = Release|ARM
		{1A9A722B-D2E7-49A0-A107-EEF2F5C5A424}.AppStore|ARM.Build.0 = Release|ARM
		{1A9A722B-D2E7-49A0-A107-EEF2F5C5A424}.AppStore|ARM.Deploy.0 = Release|ARM
		{1A9A722B-D2E7-49A0-A107-EEF2F5C5A424}.AppStore|iPhone.ActiveCfg = Release|Any CPU
		{1A9A722B-D2E7-49A0-A107-EEF2F5C5A424}.AppStore|iPhoneSimulator.ActiveCfg = Release|Any CPU
		{1A9A722B-D2E7-49A0-A107-EEF2F5C5A424}.AppStore|Mixed Platforms.ActiveCfg = Release|x86
		{1A9A722B-D2E7-49A0-A107-EEF2F5C5A424}.AppStore|Mixed Platforms.Build.0 = Release|x86
		{1A9A722B-D2E7-49A0-A107-EEF2F5C5A424}.AppStore|Mixed Platforms.Deploy.0 = Release|x86
		{1A9A722B-D2E7-49A0-A107-EEF2F5C5A424}.AppStore|x86.ActiveCfg = Release|x86
		{1A9A722B-D2E7-49A0-A107-EEF2F5C5A424}.AppStore|x86.Build.0 = Release|x86
		{1A9A722B-D2E7-49A0-A107-EEF2F5C5A424}.AppStore|x86.Deploy.0 = Release|x86
		{1A9A722B-D2E7-49A0-A107-EEF2F5C5A424}.Debug|Any CPU.ActiveCfg = Debug|Any CPU
		{1A9A722B-D2E7-49A0-A107-EEF2F5C5A424}.Debug|Any CPU.Build.0 = Debug|Any CPU
		{1A9A722B-D2E7-49A0-A107-EEF2F5C5A424}.Debug|Any CPU.Deploy.0 = Debug|Any CPU
		{1A9A722B-D2E7-49A0-A107-EEF2F5C5A424}.Debug|ARM.ActiveCfg = Debug|ARM
		{1A9A722B-D2E7-49A0-A107-EEF2F5C5A424}.Debug|ARM.Build.0 = Debug|ARM
		{1A9A722B-D2E7-49A0-A107-EEF2F5C5A424}.Debug|ARM.Deploy.0 = Debug|ARM
		{1A9A722B-D2E7-49A0-A107-EEF2F5C5A424}.Debug|iPhone.ActiveCfg = Debug|Any CPU
		{1A9A722B-D2E7-49A0-A107-EEF2F5C5A424}.Debug|iPhoneSimulator.ActiveCfg = Debug|Any CPU
		{1A9A722B-D2E7-49A0-A107-EEF2F5C5A424}.Debug|Mixed Platforms.ActiveCfg = Debug|x86
		{1A9A722B-D2E7-49A0-A107-EEF2F5C5A424}.Debug|Mixed Platforms.Build.0 = Debug|x86
		{1A9A722B-D2E7-49A0-A107-EEF2F5C5A424}.Debug|Mixed Platforms.Deploy.0 = Debug|x86
		{1A9A722B-D2E7-49A0-A107-EEF2F5C5A424}.Debug|x86.ActiveCfg = Debug|x86
		{1A9A722B-D2E7-49A0-A107-EEF2F5C5A424}.Debug|x86.Build.0 = Debug|x86
		{1A9A722B-D2E7-49A0-A107-EEF2F5C5A424}.Debug|x86.Deploy.0 = Debug|x86
		{1A9A722B-D2E7-49A0-A107-EEF2F5C5A424}.Release|Any CPU.ActiveCfg = Release|Any CPU
		{1A9A722B-D2E7-49A0-A107-EEF2F5C5A424}.Release|Any CPU.Build.0 = Release|Any CPU
		{1A9A722B-D2E7-49A0-A107-EEF2F5C5A424}.Release|Any CPU.Deploy.0 = Release|Any CPU
		{1A9A722B-D2E7-49A0-A107-EEF2F5C5A424}.Release|ARM.ActiveCfg = Release|ARM
		{1A9A722B-D2E7-49A0-A107-EEF2F5C5A424}.Release|ARM.Build.0 = Release|ARM
		{1A9A722B-D2E7-49A0-A107-EEF2F5C5A424}.Release|ARM.Deploy.0 = Release|ARM
		{1A9A722B-D2E7-49A0-A107-EEF2F5C5A424}.Release|iPhone.ActiveCfg = Release|Any CPU
		{1A9A722B-D2E7-49A0-A107-EEF2F5C5A424}.Release|iPhoneSimulator.ActiveCfg = Release|Any CPU
		{1A9A722B-D2E7-49A0-A107-EEF2F5C5A424}.Release|Mixed Platforms.ActiveCfg = Release|x86
		{1A9A722B-D2E7-49A0-A107-EEF2F5C5A424}.Release|Mixed Platforms.Build.0 = Release|x86
		{1A9A722B-D2E7-49A0-A107-EEF2F5C5A424}.Release|Mixed Platforms.Deploy.0 = Release|x86
		{1A9A722B-D2E7-49A0-A107-EEF2F5C5A424}.Release|x86.ActiveCfg = Release|x86
		{1A9A722B-D2E7-49A0-A107-EEF2F5C5A424}.Release|x86.Build.0 = Release|x86
		{1A9A722B-D2E7-49A0-A107-EEF2F5C5A424}.Release|x86.Deploy.0 = Release|x86
	EndGlobalSection
	GlobalSection(SolutionProperties) = preSolution
		HideSolutionNode = FALSE
	EndGlobalSection
EndGlobal
